
Microsoft Visual Studio Solution File, Format Version 12.00
# Visual Studio Version 17
VisualStudioVersion = 17.8.34525.116
MinimumVisualStudioVersion = 10.0.40219.1
Project("{FAE04EC0-301F-11D3-BF4B-00C04F79EFBC}") = "TE-trsprt_remake", "TE-trsprt_remake.csproj", "{BE83A304-5F7D-4F5B-B0AE-7922893B119D}"
EndProject
Global
	GlobalSection(SolutionConfigurationPlatforms) = preSolution
		Debug|Any CPU = Debug|Any CPU
		Release|Any CPU = Release|Any CPU
	EndGlobalSection
	GlobalSection(ProjectConfigurationPlatforms) = postSolution
		{BE83A304-5F7D-4F5B-B0AE-7922893B119D}.Debug|Any CPU.ActiveCfg = Debug|Any CPU
		{BE83A304-5F7D-4F5B-B0AE-7922893B119D}.Debug|Any CPU.Build.0 = Debug|Any CPU
		{BE83A304-5F7D-4F5B-B0AE-7922893B119D}.Release|Any CPU.ActiveCfg = Release|Any CPU
		{BE83A304-5F7D-4F5B-B0AE-7922893B119D}.Release|Any CPU.Build.0 = Release|Any CPU
	EndGlobalSection
	GlobalSection(SolutionProperties) = preSolution
		HideSolutionNode = FALSE
	EndGlobalSection
	GlobalSection(ExtensibilityGlobals) = postSolution
		SolutionGuid = {62C1CFF9-64DC-47D7-9BA0-8E4FAA790539}
	EndGlobalSection
EndGlobal
